
Microsoft Visual Studio Solution File, Format Version 12.00
# Visual Studio Version 17
VisualStudioVersion = 17.8.34525.116
MinimumVisualStudioVersion = 10.0.40219.1
Project("{FAE04EC0-301F-11D3-BF4B-00C04F79EFBC}") = "QuanLySieuThi", "QuanLySieuThi\QuanLySieuThi.csproj", "{278104FC-2FAD-441D-AE20-18B23CF79446}"
EndProject
Global
	GlobalSection(SolutionConfigurationPlatforms) = preSolution
		Debug|Any CPU = Debug|Any CPU
		Release|Any CPU = Release|Any CPU
	EndGlobalSection
	GlobalSection(ProjectConfigurationPlatforms) = postSolution
		{278104FC-2FAD-441D-AE20-18B23CF79446}.Debug|Any CPU.ActiveCfg = Debug|Any CPU
		{278104FC-2FAD-441D-AE20-18B23CF79446}.Debug|Any CPU.Build.0 = Debug|Any CPU
		{278104FC-2FAD-441D-AE20-18B23CF79446}.Release|Any CPU.ActiveCfg = Release|Any CPU
		{278104FC-2FAD-441D-AE20-18B23CF79446}.Release|Any CPU.Build.0 = Release|Any CPU
	EndGlobalSection
	GlobalSection(SolutionProperties) = preSolution
		HideSolutionNode = FALSE
	EndGlobalSection
	GlobalSection(ExtensibilityGlobals) = postSolution
		SolutionGuid = {026FFD62-453C-4602-8AB6-6D277AE9B73D}
	EndGlobalSection
EndGlobal
